{
  "nodes": {
    "nixpkgs": {
      "locked": {
        "lastModified": 1650749532,
        "narHash": "sha256-cS6FPtvjpzAoBdhkJfF/ouUtmpW+x5Ox5VGC/R3NOkA=",
        "owner": "NixOS",
        "repo": "nixpkgs",
        "rev": "c157bf1222949b63073821678cbef211d9b6129f",
        "type": "github"
      },
      "original": {
        "owner": "NixOS",
        "ref": "nixos-unstable-small",
        "repo": "nixpkgs",
        "type": "github"
      }
    },
    "root": {
      "inputs": {
        "nixpkgs": "nixpkgs"
      }
    }
  },
  "root": "root",
  "version": 7
}
