{
  "nodes": {
    "nixpkgs": {
      "locked": {
        "lastModified": 1652359428,
        "narHash": "sha256-fyXUZecxcR0YoBgzLGvhNgwDZW/gpch7n4uro0ht+/g=",
        "owner": "NixOS",
        "repo": "nixpkgs",
        "rev": "f771d397500b5138329bd206af2634086d51d108",
        "type": "github"
      },
      "original": {
        "owner": "NixOS",
        "ref": "nixos-unstable-small",
        "repo": "nixpkgs",
        "type": "github"
      }
    },
    "root": {
      "inputs": {
        "nixpkgs": "nixpkgs"
      }
    }
  },
  "root": "root",
  "version": 7
}
